Microsoft Visual Studio Solution File, Format Version 12.00
# Visual Studio Version 17
VisualStudioVersion = 17.5.2.0
MinimumVisualStudioVersion = 10.0.40219.1
Project("{FAE04EC0-301F-11D3-BF4B-00C04F79EFBC}") = "KnewFate", "KnewFate.csproj", "{5822FABF-4B05-2C29-D33C-9654953D265F}"
EndProject
Global
	GlobalSection(SolutionConfigurationPlatforms) = preSolution
		Debug|Any CPU = Debug|Any CPU
		Release|Any CPU = Release|Any CPU
	EndGlobalSection
	GlobalSection(ProjectConfigurationPlatforms) = postSolution
		{5822FABF-4B05-2C29-D33C-9654953D265F}.Debug|Any CPU.ActiveCfg = Debug|Any CPU
		{5822FABF-4B05-2C29-D33C-9654953D265F}.Debug|Any CPU.Build.0 = Debug|Any CPU
		{5822FABF-4B05-2C29-D33C-9654953D265F}.Release|Any CPU.ActiveCfg = Release|Any CPU
		{5822FABF-4B05-2C29-D33C-9654953D265F}.Release|Any CPU.Build.0 = Release|Any CPU
	EndGlobalSection
	GlobalSection(SolutionProperties) = preSolution
		HideSolutionNode = FALSE
	EndGlobalSection
	GlobalSection(ExtensibilityGlobals) = postSolution
		SolutionGuid = {39A6CE21-5386-4409-9A12-4957EBA94C24}
	EndGlobalSection
EndGlobal
