Microsoft Visual Studio Solution File, Format Version 12.00
# Visual Studio Version 17
VisualStudioVersion = 17.0.31903.59
MinimumVisualStudioVersion = 10.0.40219.1
Project("{9A19103F-16F7-4668-BE54-9A1E7A4F7556}") = "KnewFate", "KnewFate.csproj", "{B8C33D1A-7D8A-4E4E-8F5C-1B7E5A8F2E9D}"
EndProject
Global
	GlobalSection(SolutionConfigurationPlatforms) = preSolution
		Debug|Any CPU = Debug|Any CPU
		Release|Any CPU = Release|Any CPU
	EndGlobalSection
	GlobalSection(ProjectConfigurationPlatforms) = postSolution
		{B8C33D1A-7D8A-4E4E-8F5C-1B7E5A8F2E9D}.Debug|Any CPU.ActiveCfg = Debug|Any CPU
		{B8C33D1A-7D8A-4E4E-8F5C-1B7E5A8F2E9D}.Debug|Any CPU.Build.0 = Debug|Any CPU
		{B8C33D1A-7D8A-4E4E-8F5C-1B7E5A8F2E9D}.Release|Any CPU.ActiveCfg = Release|Any CPU
		{B8C33D1A-7D8A-4E4E-8F5C-1B7E5A8F2E9D}.Release|Any CPU.Build.0 = Release|Any CPU
	EndGlobalSection
	GlobalSection(SolutionProperties) = preSolution
		HideSolutionNode = FALSE
	EndGlobalSection
EndGlobal
